
Microsoft Visual Studio Solution File, Format Version 12.00
# Visual Studio Version 16
VisualStudioVersion = 16.0.29418.71
MinimumVisualStudioVersion = 10.0.40219.1
Project("{8BC9CEB8-8B4A-11D0-8D11-00A0C91BC942}") = "稀疏矩阵乘向量", "稀疏矩阵乘向量.vcxproj", "{85AD8C8E-D430-4352-9E94-D63DEE081E0B}"
EndProject
Global
	GlobalSection(SolutionConfigurationPlatforms) = preSolution
		Debug|x64 = Debug|x64
		Debug|x86 = Debug|x86
		Release|x64 = Release|x64
		Release|x86 = Release|x86
	EndGlobalSection
	GlobalSection(ProjectConfigurationPlatforms) = postSolution
		{85AD8C8E-D430-4352-9E94-D63DEE081E0B}.Debug|x64.ActiveCfg = Debug|x64
		{85AD8C8E-D430-4352-9E94-D63DEE081E0B}.Debug|x64.Build.0 = Debug|x64
		{85AD8C8E-D430-4352-9E94-D63DEE081E0B}.Debug|x86.ActiveCfg = Debug|Win32
		{85AD8C8E-D430-4352-9E94-D63DEE081E0B}.Debug|x86.Build.0 = Debug|Win32
		{85AD8C8E-D430-4352-9E94-D63DEE081E0B}.Release|x64.ActiveCfg = Release|x64
		{85AD8C8E-D430-4352-9E94-D63DEE081E0B}.Release|x64.Build.0 = Release|x64
		{85AD8C8E-D430-4352-9E94-D63DEE081E0B}.Release|x86.ActiveCfg = Release|Win32
		{85AD8C8E-D430-4352-9E94-D63DEE081E0B}.Release|x86.Build.0 = Release|Win32
	EndGlobalSection
	GlobalSection(SolutionProperties) = preSolution
		HideSolutionNode = FALSE
	EndGlobalSection
	GlobalSection(ExtensibilityGlobals) = postSolution
		SolutionGuid = {2DCFE44A-504D-4942-B778-0032E9300B6A}
	EndGlobalSection
EndGlobal
