
Microsoft Visual Studio Solution File, Format Version 12.00
# Visual Studio Version 16
VisualStudioVersion = 16.0.29418.71
MinimumVisualStudioVersion = 10.0.40219.1
Project("{8BC9CEB8-8B4A-11D0-8D11-00A0C91BC942}") = "Dijkstra有向图", "Dijkstra有向图.vcxproj", "{9E423195-AA5A-45F8-896E-A077770129D8}"
EndProject
Global
	GlobalSection(SolutionConfigurationPlatforms) = preSolution
		Debug|x64 = Debug|x64
		Debug|x86 = Debug|x86
		Release|x64 = Release|x64
		Release|x86 = Release|x86
	EndGlobalSection
	GlobalSection(ProjectConfigurationPlatforms) = postSolution
		{9E423195-AA5A-45F8-896E-A077770129D8}.Debug|x64.ActiveCfg = Debug|x64
		{9E423195-AA5A-45F8-896E-A077770129D8}.Debug|x64.Build.0 = Debug|x64
		{9E423195-AA5A-45F8-896E-A077770129D8}.Debug|x86.ActiveCfg = Debug|Win32
		{9E423195-AA5A-45F8-896E-A077770129D8}.Debug|x86.Build.0 = Debug|Win32
		{9E423195-AA5A-45F8-896E-A077770129D8}.Release|x64.ActiveCfg = Release|x64
		{9E423195-AA5A-45F8-896E-A077770129D8}.Release|x64.Build.0 = Release|x64
		{9E423195-AA5A-45F8-896E-A077770129D8}.Release|x86.ActiveCfg = Release|Win32
		{9E423195-AA5A-45F8-896E-A077770129D8}.Release|x86.Build.0 = Release|Win32
	EndGlobalSection
	GlobalSection(SolutionProperties) = preSolution
		HideSolutionNode = FALSE
	EndGlobalSection
	GlobalSection(ExtensibilityGlobals) = postSolution
		SolutionGuid = {D89BC803-1F2F-4CFB-8B24-F29F4367C161}
	EndGlobalSection
EndGlobal
