
Microsoft Visual Studio Solution File, Format Version 12.00
# Visual Studio Version 16
VisualStudioVersion = 16.0.29418.71
MinimumVisualStudioVersion = 10.0.40219.1
Project("{8BC9CEB8-8B4A-11D0-8D11-00A0C91BC942}") = "线性表查找", "线性表查找.vcxproj", "{B3491F8A-6971-4954-A25D-65D1102000A6}"
EndProject
Global
	GlobalSection(SolutionConfigurationPlatforms) = preSolution
		Debug|x64 = Debug|x64
		Debug|x86 = Debug|x86
		Release|x64 = Release|x64
		Release|x86 = Release|x86
	EndGlobalSection
	GlobalSection(ProjectConfigurationPlatforms) = postSolution
		{B3491F8A-6971-4954-A25D-65D1102000A6}.Debug|x64.ActiveCfg = Debug|x64
		{B3491F8A-6971-4954-A25D-65D1102000A6}.Debug|x64.Build.0 = Debug|x64
		{B3491F8A-6971-4954-A25D-65D1102000A6}.Debug|x86.ActiveCfg = Debug|Win32
		{B3491F8A-6971-4954-A25D-65D1102000A6}.Debug|x86.Build.0 = Debug|Win32
		{B3491F8A-6971-4954-A25D-65D1102000A6}.Release|x64.ActiveCfg = Release|x64
		{B3491F8A-6971-4954-A25D-65D1102000A6}.Release|x64.Build.0 = Release|x64
		{B3491F8A-6971-4954-A25D-65D1102000A6}.Release|x86.ActiveCfg = Release|Win32
		{B3491F8A-6971-4954-A25D-65D1102000A6}.Release|x86.Build.0 = Release|Win32
	EndGlobalSection
	GlobalSection(SolutionProperties) = preSolution
		HideSolutionNode = FALSE
	EndGlobalSection
	GlobalSection(ExtensibilityGlobals) = postSolution
		SolutionGuid = {97753810-49C2-4712-85DB-CDAC877C9B78}
	EndGlobalSection
EndGlobal
